dependencies:
  esp_lcd_panel_ssd1680:
    dependencies:
    - name: idf
      version: '>=5.0'
    source:
      path: 
        /Users/aivo/Downloads/Arendus/Majasa/esp-gps-logger/espidf-gps-logger/components/esp_lcd_panel_ssd1680
      type: local
    version: 0.1.0
  idf:
    source:
      type: idf
    version: 5.4.2
  lvgl/lvgl:
    component_hash: d7c1ac037ae6e85d94897f807d6e7ba0946a83e720074fc95a4f6241da9f9f53
    dependencies: []
    source:
      registry_url: https://components.espressif.com/
      type: service
    version: 8.4.0
direct_dependencies:
- esp_lcd_panel_ssd1680
- idf
- lvgl/lvgl
manifest_hash: 064d89048f65afe1a3b6467edc1a1375c0194911b79f393eeaeba01a1c962d53
target: esp32
version: 2.0.0
